
Microsoft Visual Studio Solution File, Format Version 12.00
# Visual Studio Version 17
VisualStudioVersion = 17.3.32901.215
MinimumVisualStudioVersion = 10.0.40219.1
Project("{9A19103F-16F7-4668-BE54-9A1E7A4F7556}") = "Oefening1", "Oefening1\Oefening1.csproj", "{055ED650-B9E5-4977-8649-222B8EF69830}"
EndProject
Project("{9A19103F-16F7-4668-BE54-9A1E7A4F7556}") = "Oefening2", "Oefening2\Oefening2.csproj", "{92B5A738-675F-4887-AA09-FBA634C2742F}"
EndProject
Project("{9A19103F-16F7-4668-BE54-9A1E7A4F7556}") = "Oefening3", "Oefening3\Oefening3.csproj", "{8035EA2B-A73D-4E03-A5C4-3727D9753A03}"
EndProject
Project("{9A19103F-16F7-4668-BE54-9A1E7A4F7556}") = "Oefening4", "Oefening4\Oefening4.csproj", "{AD1D4849-CC4D-4BD7-8671-569938D6C37E}"
EndProject
Project("{9A19103F-16F7-4668-BE54-9A1E7A4F7556}") = "Oefening6", "Oefening6\Oefening6.csproj", "{48C625D9-2442-4FDE-98C0-63FA910B1FA4}"
EndProject
Project("{9A19103F-16F7-4668-BE54-9A1E7A4F7556}") = "Oefening5", "Oefening5\Oefening5.csproj", "{E6448297-A6DB-43F0-9739-BA644B312BAA}"
EndProject
Project("{FAE04EC0-301F-11D3-BF4B-00C04F79EFBC}") = "Oefening7", "Oefening7\Oefening7.csproj", "{CC5E9CF4-30AF-4F44-A32F-EFEDE7B94E85}"
EndProject
Global
	GlobalSection(SolutionConfigurationPlatforms) = preSolution
		Debug|Any CPU = Debug|Any CPU
		Release|Any CPU = Release|Any CPU
	EndGlobalSection
	GlobalSection(ProjectConfigurationPlatforms) = postSolution
		{055ED650-B9E5-4977-8649-222B8EF69830}.Debug|Any CPU.ActiveCfg = Debug|Any CPU
		{055ED650-B9E5-4977-8649-222B8EF69830}.Debug|Any CPU.Build.0 = Debug|Any CPU
		{055ED650-B9E5-4977-8649-222B8EF69830}.Release|Any CPU.ActiveCfg = Release|Any CPU
		{055ED650-B9E5-4977-8649-222B8EF69830}.Release|Any CPU.Build.0 = Release|Any CPU
		{92B5A738-675F-4887-AA09-FBA634C2742F}.Debug|Any CPU.ActiveCfg = Debug|Any CPU
		{92B5A738-675F-4887-AA09-FBA634C2742F}.Debug|Any CPU.Build.0 = Debug|Any CPU
		{92B5A738-675F-4887-AA09-FBA634C2742F}.Release|Any CPU.ActiveCfg = Release|Any CPU
		{92B5A738-675F-4887-AA09-FBA634C2742F}.Release|Any CPU.Build.0 = Release|Any CPU
		{8035EA2B-A73D-4E03-A5C4-3727D9753A03}.Debug|Any CPU.ActiveCfg = Debug|Any CPU
		{8035EA2B-A73D-4E03-A5C4-3727D9753A03}.Debug|Any CPU.Build.0 = Debug|Any CPU
		{8035EA2B-A73D-4E03-A5C4-3727D9753A03}.Release|Any CPU.ActiveCfg = Release|Any CPU
		{8035EA2B-A73D-4E03-A5C4-3727D9753A03}.Release|Any CPU.Build.0 = Release|Any CPU
		{AD1D4849-CC4D-4BD7-8671-569938D6C37E}.Debug|Any CPU.ActiveCfg = Debug|Any CPU
		{AD1D4849-CC4D-4BD7-8671-569938D6C37E}.Debug|Any CPU.Build.0 = Debug|Any CPU
		{AD1D4849-CC4D-4BD7-8671-569938D6C37E}.Release|Any CPU.ActiveCfg = Release|Any CPU
		{AD1D4849-CC4D-4BD7-8671-569938D6C37E}.Release|Any CPU.Build.0 = Release|Any CPU
		{48C625D9-2442-4FDE-98C0-63FA910B1FA4}.Debug|Any CPU.ActiveCfg = Debug|Any CPU
		{48C625D9-2442-4FDE-98C0-63FA910B1FA4}.Debug|Any CPU.Build.0 = Debug|Any CPU
		{48C625D9-2442-4FDE-98C0-63FA910B1FA4}.Release|Any CPU.ActiveCfg = Release|Any CPU
		{48C625D9-2442-4FDE-98C0-63FA910B1FA4}.Release|Any CPU.Build.0 = Release|Any CPU
		{E6448297-A6DB-43F0-9739-BA644B312BAA}.Debug|Any CPU.ActiveCfg = Debug|Any CPU
		{E6448297-A6DB-43F0-9739-BA644B312BAA}.Debug|Any CPU.Build.0 = Debug|Any CPU
		{E6448297-A6DB-43F0-9739-BA644B312BAA}.Release|Any CPU.ActiveCfg = Release|Any CPU
		{E6448297-A6DB-43F0-9739-BA644B312BAA}.Release|Any CPU.Build.0 = Release|Any CPU
		{CC5E9CF4-30AF-4F44-A32F-EFEDE7B94E85}.Debug|Any CPU.ActiveCfg = Debug|Any CPU
		{CC5E9CF4-30AF-4F44-A32F-EFEDE7B94E85}.Debug|Any CPU.Build.0 = Debug|Any CPU
		{CC5E9CF4-30AF-4F44-A32F-EFEDE7B94E85}.Release|Any CPU.ActiveCfg = Release|Any CPU
		{CC5E9CF4-30AF-4F44-A32F-EFEDE7B94E85}.Release|Any CPU.Build.0 = Release|Any CPU
	EndGlobalSection
	GlobalSection(SolutionProperties) = preSolution
		HideSolutionNode = FALSE
	EndGlobalSection
	GlobalSection(ExtensibilityGlobals) = postSolution
		SolutionGuid = {BF6FD303-6653-4F4B-8B0B-C144F5A78D9D}
	EndGlobalSection
EndGlobal
